// !$*UTF8*$!
{
	archiveVersion = 1;
	classes = {
	};
	objectVersion = 46;
	objects = {

/* Begin PBXBuildFile section */
		2CA1BE8A1E90988700B242CE /* AppDelegate.swift in Sources */ = {isa = PBXBuildFile; fileRef = 2CA1BE891E90988700B242CE /* AppDelegate.swift */; };
		2CA1BE8C1E90988700B242CE /* ViewController.swift in Sources */ = {isa = PBXBuildFile; fileRef = 2CA1BE8B1E90988700B242CE /* ViewController.swift */; };
		2CA1BE8F1E90988700B242CE /* Main.storyboard in Resources */ = {isa = PBXBuildFile; fileRef = 2CA1BE8D1E90988700B242CE /* Main.storyboard */; };
		2CA1BE911E90988700B242CE /* Assets.xcassets in Resources */ = {isa = PBXBuildFile; fileRef = 2CA1BE901E90988700B242CE /* Assets.xcassets */; };
		2CA1BE941E90988700B242CE /* LaunchScreen.storyboard in Resources */ = {isa = PBXBuildFile; fileRef = 2CA1BE921E90988700B242CE /* LaunchScreen.storyboard */; };
/* End PBXBuildFile section */

/* Begin PBXFileReference section */
		2CA1BE861E90988700B242CE /* UILiveCoding.app */ = {isa = PBXFileReference; explicitFileType = wrapper.application; includeInIndex = 0; path = UILiveCoding.app; sourceTree = BUILT_PRODUCTS_DIR; };
		2CA1BE891E90988700B242CE /* AppDelegate.swift */ = {isa = PBXFileReference; lastKnownFileType = sourcecode.swift; path = AppDelegate.swift; sourceTree = "<group>"; };
		2CA1BE8B1E90988700B242CE /* ViewController.swift */ = {isa = PBXFileReference; lastKnownFileType = sourcecode.swift; path = ViewController.swift; sourceTree = "<group>"; };
		2CA1BE8E1E90988700B242CE /* Base */ = {isa = PBXFileReference; lastKnownFileType = file.storyboard; name = Base; path = Base.lproj/Main.storyboard; sourceTree = "<group>"; };
		2CA1BE901E90988700B242CE /* Assets.xcassets */ = {isa = PBXFileReference; lastKnownFileType = folder.assetcatalog; path = Assets.xcassets; sourceTree = "<group>"; };
		2CA1BE931E90988700B242CE /* Base */ = {isa = PBXFileReference; lastKnownFileType = file.storyboard; name = Base; path = Base.lproj/LaunchScreen.storyboard; sourceTree = "<group>"; };
		2CA1BE951E90988700B242CE /* Info.plist */ = {isa = PBXFileReference; lastKnownFileType = text.plist.xml; path = Info.plist; sourceTree = "<group>"; };
/* End PBXFileReference section */

/* Begin PBXFrameworksBuildPhase section */
		2CA1BE831E90988600B242CE /* Frameworks */ = {
			isa = PBXFrameworksBuildPhase;
			buildActionMask = 2147483647;
			files = (
			);
			runOnlyForDeploymentPostprocessing = 0;
		};
/* End PBXFrameworksBuildPhase section */

/* Begin PBXGroup section */
		2CA1BE7D1E90988600B242CE = {
			isa = PBXGroup;
			children = (
				2CA1BE881E90988700B242CE /* UILiveCoding */,
				2CA1BE871E90988700B242CE /* Products */,
			);
			sourceTree = "<group>";
		};
		2CA1BE871E90988700B242CE /* Products */ = {
			isa = PBXGroup;
			children = (
				2CA1BE861E90988700B242CE /* UILiveCoding.app */,
			);
			name = Products;
			sourceTree = "<group>";
		};
		2CA1BE881E90988700B242CE /* UILiveCoding */ = {
			isa = PBXGroup;
			children = (
				2CA1BE891E90988700B242CE /* AppDelegate.swift */,
				2CA1BE8B1E90988700B242CE /* ViewController.swift */,
				2CA1BE8D1E90988700B242CE /* Main.storyboard */,
				2CA1BE901E90988700B242CE /* Assets.xcassets */,
				2CA1BE921E90988700B242CE /* LaunchScreen.storyboard */,
				2CA1BE951E90988700B242CE /* Info.plist */,
			);
			path = UILiveCoding;
			sourceTree = "<group>";
		};
/* End PBXGroup section */

/* Begin PBXNativeTarget section */
		2CA1BE851E90988600B242CE /* UILiveCoding */ = {
			isa = PBXNativeTarget;
			buildConfigurationList = 2CA1BE981E90988700B242CE /* Build configuration list for PBXNativeTarget "UILiveCoding" */;
			buildPhases = (
				2CA1BE821E90988600B242CE /* Sources */,
				2CA1BE831E90988600B242CE /* Frameworks */,
				2CA1BE841E90988600B242CE /* Resources */,
			);
			buildRules = (
			);
			dependencies = (
			);
			name = UILiveCoding;
			productName = UILiveCoding;
			productReference = 2CA1BE861E90988700B242CE /* UILiveCoding.app */;
			productType = "com.apple.product-type.application";
		};
/* End PBXNativeTarget section */

/* Begin PBXProject section */
		2CA1BE7E1E90988600B242CE /* Project object */ = {
			isa = PBXProject;
			attributes = {
				LastSwiftUpdateCheck = 0820;
				LastUpgradeCheck = 0820;
				ORGANIZATIONNAME = akatsuki174;
				TargetAttributes = {
					2CA1BE851E90988600B242CE = {
						CreatedOnToolsVersion = 8.2.1;
						DevelopmentTeam = 5K55PQ8BSJ;
						ProvisioningStyle = Automatic;
					};
				};
			};
			buildConfigurationList = 2CA1BE811E90988600B242CE /* Build configuration list for PBXProject "UILiveCoding" */;
			compatibilityVersion = "Xcode 3.2";
			developmentRegion = English;
			hasScannedForEncodings = 0;
			knownRegions = (
				en,
				Base,
			);
			mainGroup = 2CA1BE7D1E90988600B242CE;
			productRefGroup = 2CA1BE871E90988700B242CE /* Products */;
			projectDirPath = "";
			projectRoot = "";
			targets = (
				2CA1BE851E90988600B242CE /* UILiveCoding */,
			);
		};
/* End PBXProject section */

/* Begin PBXResourcesBuildPhase section */
		2CA1BE841E90988600B242CE /* Resources */ = {
			isa = PBXResourcesBuildPhase;
			buildActionMask = 2147483647;
			files = (
				2CA1BE941E90988700B242CE /* LaunchScreen.storyboard in Resources */,
				2CA1BE911E90988700B242CE /* Assets.xcassets in Resources */,
				2CA1BE8F1E90988700B242CE /* Main.storyboard in Resources */,
			);
			runOnlyForDeploymentPostprocessing = 0;
		};
/* End PBXResourcesBuildPhase section */

/* Begin PBXSourcesBuildPhase section */
		2CA1BE821E90988600B242CE /* Sources */ = {
			isa = PBXSourcesBuildPhase;
			buildActionMask = 2147483647;
			files = (
				2CA1BE8C1E90988700B242CE /* ViewController.swift in Sources */,
				2CA1BE8A1E90988700B242CE /* AppDelegate.swift in Sources */,
			);
			runOnlyForDeploymentPostprocessing = 0;
		};
/* End PBXSourcesBuildPhase section */

/* Begin PBXVariantGroup section */
		2CA1BE8D1E90988700B242CE /* Main.storyboard */ = {
			isa = PBXVariantGroup;
			children = (
				2CA1BE8E1E90988700B242CE /* Base */,
			);
			name = Main.storyboard;
			sourceTree = "<group>";
		};
		2CA1BE921E90988700B242CE /* LaunchScreen.storyboard */ = {
			isa = PBXVariantGroup;
			children = (
				2CA1BE931E90988700B242CE /* Base */,
			);
			name = LaunchScreen.storyboard;
			sourceTree = "<group>";
		};
/* End PBXVariantGroup section */

/* Begin XCBuildConfiguration section */
		2CA1BE961E90988700B242CE /* Debug */ = {
			isa = XCBuildConfiguration;
			buildSettings = {
				ALWAYS_SEARCH_USER_PATHS = NO;
				CLANG_ANALYZER_NONNULL = YES;
				CLANG_CXX_LANGUAGE_STANDARD = "gnu++0x";
				CLANG_CXX_LIBRARY = "libc++";
				CLANG_ENABLE_MODULES = YES;
				CLANG_ENABLE_OBJC_ARC = YES;
				CLANG_WARN_BOOL_CONVERSION = YES;
				CLANG_WARN_CONSTANT_CONVERSION = YES;
				CLANG_WARN_DIRECT_OBJC_ISA_USAGE = YES_ERROR;
				CLANG_WARN_DOCUMENTATION_COMMENTS = YES;
				CLANG_WARN_EMPTY_BODY = YES;
				CLANG_WARN_ENUM_CONVERSION = YES;
				CLANG_WARN_INFINITE_RECURSION = YES;
				CLANG_WARN_INT_CONVERSION = YES;
				CLANG_WARN_OBJC_ROOT_CLASS = YES_ERROR;
				CLANG_WARN_SUSPICIOUS_MOVE = YES;
				CLANG_WARN_UNREACHABLE_CODE = YES;
				CLANG_WARN__DUPLICATE_METHOD_MATCH = YES;
				"CODE_SIGN_IDENTITY[sdk=iphoneos*]" = "iPhone Developer";
				COPY_PHASE_STRIP = NO;
				DEBUG_INFORMATION_FORMAT = dwarf;
				ENABLE_STRICT_OBJC_MSGSEND = YES;
				ENABLE_TESTABILITY = YES;
				GCC_C_LANGUAGE_STANDARD = gnu99;
				GCC_DYNAMIC_NO_PIC = NO;
				GCC_NO_COMMON_BLOCKS = YES;
				GCC_OPTIMIZATION_LEVEL = 0;
				GCC_PREPROCESSOR_DEFINITIONS = (
					"DEBUG=1",
					"$(inherited)",
				);
				GCC_WARN_64_TO_32_BIT_CONVERSION = YES;
				GCC_WARN_ABOUT_RETURN_TYPE = YES_ERROR;
				GCC_WARN_UNDECLARED_SELECTOR = YES;
				GCC_WARN_UNINITIALIZED_AUTOS = YES_AGGRESSIVE;
				GCC_WARN_UNUSED_FUNCTION = YES;
				GCC_WARN_UNUSED_VARIABLE = YES;
				IPHONEOS_DEPLOYMENT_TARGET = 10.2;
				MTL_ENABLE_DEBUG_INFO = YES;
				ONLY_ACTIVE_ARCH = YES;
				SDKROOT = iphoneos;
				SWIFT_ACTIVE_COMPILATION_CONDITIONS = DEBUG;
				SWIFT_OPTIMIZATION_LEVEL = "-Onone";
			};
			name = Debug;
		};
		2CA1BE971E90988700B242CE /* Release */ = {
			isa = XCBuildConfiguration;
			buildSettings = {
				ALWAYS_SEARCH_USER_PATHS = NO;
				CLANG_ANALYZER_NONNULL = YES;
				CLANG_CXX_LANGUAGE_STANDARD = "gnu++0x";
				CLANG_CXX_LIBRARY = "libc++";
				CLANG_ENABLE_MODULES = YES;
				CLANG_ENABLE_OBJC_ARC = YES;
				CLANG_WARN_BOOL_CONVERSION = YES;
				CLANG_WARN_CONSTANT_CONVERSION = YES;
				CLANG_WARN_DIRECT_OBJC_ISA_USAGE = YES_ERROR;
				CLANG_WARN_DOCUMENTATION_COMMENTS = YES;
				CLANG_WARN_EMPTY_BODY = YES;
				CLANG_WARN_ENUM_CONVERSION = YES;
				CLANG_WARN_INFINITE_RECURSION = YES;
				CLANG_WARN_INT_CONVERSION = YES;
				CLANG_WARN_OBJC_ROOT_CLASS = YES_ERROR;
				CLANG_WARN_SUSPICIOUS_MOVE = YES;
				CLANG_WARN_UNREACHABLE_CODE = YES;
				CLANG_WARN__DUPLICATE_METHOD_MATCH = YES;
				"CODE_SIGN_IDENTITY[sdk=iphoneos*]" = "iPhone Developer";
				COPY_PHASE_STRIP = NO;
				DEBUG_INFORMATION_FORMAT = "dwarf-with-dsym";
				ENABLE_NS_ASSERTIONS = NO;
				ENABLE_STRICT_OBJC_MSGSEND = YES;
				GCC_C_LANGUAGE_STANDARD = gnu99;
				GCC_NO_COMMON_BLOCKS = YES;
				GCC_WARN_64_TO_32_BIT_CONVERSION = YES;
				GCC_WARN_ABOUT_RETURN_TYPE = YES_ERROR;
				GCC_WARN_UNDECLARED_SELECTOR = YES;
				GCC_WARN_UNINITIALIZED_AUTOS = YES_AGGRESSIVE;
				GCC_WARN_UNUSED_FUNCTION = YES;
				GCC_WARN_UNUSED_VARIABLE = YES;
				IPHONEOS_DEPLOYMENT_TARGET = 10.2;
				MTL_ENABLE_DEBUG_INFO = NO;
				SDKROOT = iphoneos;
				SWIFT_OPTIMIZATION_LEVEL = "-Owholemodule";
				VALIDATE_PRODUCT = YES;
			};
			name = Release;
		};
		2CA1BE991E90988700B242CE /* Debug */ = {
			isa = XCBuildConfiguration;
			buildSettings = {
				ASSETCATALOG_COMPILER_APPICON_NAME = AppIcon;
				DEVELOPMENT_TEAM = 5K55PQ8BSJ;
				INFOPLIST_FILE = UILiveCoding/Info.plist;
				LD_RUNPATH_SEARCH_PATHS = "$(inherited) @executable_path/Frameworks";
				PRODUCT_BUNDLE_IDENTIFIER = com.akatsuki174.UILiveCoding;
				PRODUCT_NAME = "$(TARGET_NAME)";
				SWIFT_VERSION = 3.0;
			};
			name = Debug;
		};
		2CA1BE9A1E90988700B242CE /* Release */ = {
			isa = XCBuildConfiguration;
			buildSettings = {
				ASSETCATALOG_COMPILER_APPICON_NAME = AppIcon;
				DEVELOPMENT_TEAM = 5K55PQ8BSJ;
				INFOPLIST_FILE = UILiveCoding/Info.plist;
				LD_RUNPATH_SEARCH_PATHS = "$(inherited) @executable_path/Frameworks";
				PRODUCT_BUNDLE_IDENTIFIER = com.akatsuki174.UILiveCoding;
				PRODUCT_NAME = "$(TARGET_NAME)";
				SWIFT_VERSION = 3.0;
			};
			name = Release;
		};
/* End XCBuildConfiguration section */

/* Begin XCConfigurationList section */
		2CA1BE811E90988600B242CE /* Build configuration list for PBXProject "UILiveCoding" */ = {
			isa = XCConfigurationList;
			buildConfigurations = (
				2CA1BE961E90988700B242CE /* Debug */,
				2CA1BE971E90988700B242CE /* Release */,
			);
			defaultConfigurationIsVisible = 0;
			defaultConfigurationName = Release;
		};
		2CA1BE981E90988700B242CE /* Build configuration list for PBXNativeTarget "UILiveCoding" */ = {
			isa = XCConfigurationList;
			buildConfigurations = (
				2CA1BE991E90988700B242CE /* Debug */,
				2CA1BE9A1E90988700B242CE /* Release */,
			);
			defaultConfigurationIsVisible = 0;
			defaultConfigurationName = Release;
		};
/* End XCConfigurationList section */
	};
	rootObject = 2CA1BE7E1E90988600B242CE /* Project object */;
}
